
Microsoft Visual Studio Solution File, Format Version 12.00
# Visual Studio Version 17
VisualStudioVersion = 17.11.0.0
MinimumVisualStudioVersion = 10.0.40219.1
Project("{9A19103F-16F7-4668-BE54-9A1E7A4F7556}") = "Aegis.Core", "src\Aegis.Core\Aegis.Core.csproj", "{47963D13-7F1F-4682-924C-E8C283F94B87}"
EndProject
Project("{9A19103F-16F7-4668-BE54-9A1E7A4F7556}") = "Aegis.App", "src\Aegis.App\Aegis.App.csproj", "{8A0194B8-0DA1-4D2C-A8CF-7E146041E482}"
EndProject
Project("{9A19103F-16F7-4668-BE54-9A1E7A4F7556}") = "Aegis.Core.Tests", "tests\Aegis.Core.Tests\Aegis.Core.Tests.csproj", "{D007760E-6FBE-4DD2-B7B9-339D74415728}"
EndProject
Project("{9A19103F-16F7-4668-BE54-9A1E7A4F7556}") = "Aegis.Scanners", "src\Aegis.Scanners\Aegis.Scanners.csproj", "{AFC2D3B6-19F2-4AA4-9B65-E7F96D87482F}"
EndProject
Project("{9A19103F-16F7-4668-BE54-9A1E7A4F7556}") = "Aegis.Scanners.Tests", "tests\Aegis.Scanners.Tests\Aegis.Scanners.Tests.csproj", "{00A2EAF1-C6B5-4983-A22E-52C887B77707}"
EndProject
Project("{9A19103F-16F7-4668-BE54-9A1E7A4F7556}") = "Aegis.Threats", "src\Aegis.Threats\Aegis.Threats.csproj", "{30231B13-B079-4B00-95DE-84D97E1F6EB2}"
EndProject
Project("{9A19103F-16F7-4668-BE54-9A1E7A4F7556}") = "Aegis.Threats.Tests", "tests\Aegis.Threats.Tests\Aegis.Threats.Tests.csproj", "{5DB867CD-D058-411D-80AE-AC55FE117C09}"
EndProject
Project("{9A19103F-16F7-4668-BE54-9A1E7A4F7556}") = "Aegis.System", "src\Aegis.System\Aegis.System.csproj", "{D3542D93-2649-4E67-845D-05284489C907}"
EndProject
Project("{2150E333-8FDC-42A3-9474-1A3956D46DE8}") = "src", "src", "{D3D81E0B-C631-4574-B301-752FAA058CF4}"
EndProject
Project("{2150E333-8FDC-42A3-9474-1A3956D46DE8}") = "tests", "tests", "{5F4D921E-2A54-48DD-AD8A-36EEE961509A}"
EndProject
Project("{FAE04EC0-301F-11D3-BF4B-00C04F79EFBC}") = "Aegis.System.Tests", "tests\Aegis.System.Tests\Aegis.System.Tests.csproj", "{39C83649-3C87-4377-B902-7FDFC68D45BE}"
EndProject
Global
	GlobalSection(SolutionConfigurationPlatforms) = preSolution
		Debug|Any CPU = Debug|Any CPU
		Debug|x64 = Debug|x64
		Debug|x86 = Debug|x86
		Release|Any CPU = Release|Any CPU
		Release|x64 = Release|x64
		Release|x86 = Release|x86
	EndGlobalSection
	GlobalSection(ProjectConfigurationPlatforms) = postSolution
		{47963D13-7F1F-4682-924C-E8C283F94B87}.Debug|Any CPU.ActiveCfg = Debug|Any CPU
		{47963D13-7F1F-4682-924C-E8C283F94B87}.Debug|Any CPU.Build.0 = Debug|Any CPU
		{47963D13-7F1F-4682-924C-E8C283F94B87}.Debug|x64.ActiveCfg = Debug|Any CPU
		{47963D13-7F1F-4682-924C-E8C283F94B87}.Debug|x64.Build.0 = Debug|Any CPU
		{47963D13-7F1F-4682-924C-E8C283F94B87}.Debug|x86.ActiveCfg = Debug|Any CPU
		{47963D13-7F1F-4682-924C-E8C283F94B87}.Debug|x86.Build.0 = Debug|Any CPU
		{47963D13-7F1F-4682-924C-E8C283F94B87}.Release|Any CPU.ActiveCfg = Release|Any CPU
		{47963D13-7F1F-4682-924C-E8C283F94B87}.Release|Any CPU.Build.0 = Release|Any CPU
		{47963D13-7F1F-4682-924C-E8C283F94B87}.Release|x64.ActiveCfg = Release|Any CPU
		{47963D13-7F1F-4682-924C-E8C283F94B87}.Release|x64.Build.0 = Release|Any CPU
		{47963D13-7F1F-4682-924C-E8C283F94B87}.Release|x86.ActiveCfg = Release|Any CPU
		{47963D13-7F1F-4682-924C-E8C283F94B87}.Release|x86.Build.0 = Release|Any CPU
		{8A0194B8-0DA1-4D2C-A8CF-7E146041E482}.Debug|Any CPU.ActiveCfg = Debug|Any CPU
		{8A0194B8-0DA1-4D2C-A8CF-7E146041E482}.Debug|Any CPU.Build.0 = Debug|Any CPU
		{8A0194B8-0DA1-4D2C-A8CF-7E146041E482}.Debug|x64.ActiveCfg = Debug|Any CPU
		{8A0194B8-0DA1-4D2C-A8CF-7E146041E482}.Debug|x64.Build.0 = Debug|Any CPU
		{8A0194B8-0DA1-4D2C-A8CF-7E146041E482}.Debug|x86.ActiveCfg = Debug|Any CPU
		{8A0194B8-0DA1-4D2C-A8CF-7E146041E482}.Debug|x86.Build.0 = Debug|Any CPU
		{8A0194B8-0DA1-4D2C-A8CF-7E146041E482}.Release|Any CPU.ActiveCfg = Release|Any CPU
		{8A0194B8-0DA1-4D2C-A8CF-7E146041E482}.Release|Any CPU.Build.0 = Release|Any CPU
		{8A0194B8-0DA1-4D2C-A8CF-7E146041E482}.Release|x64.ActiveCfg = Release|Any CPU
		{8A0194B8-0DA1-4D2C-A8CF-7E146041E482}.Release|x64.Build.0 = Release|Any CPU
		{8A0194B8-0DA1-4D2C-A8CF-7E146041E482}.Release|x86.ActiveCfg = Release|Any CPU
		{8A0194B8-0DA1-4D2C-A8CF-7E146041E482}.Release|x86.Build.0 = Release|Any CPU
		{D007760E-6FBE-4DD2-B7B9-339D74415728}.Debug|Any CPU.ActiveCfg = Debug|Any CPU
		{D007760E-6FBE-4DD2-B7B9-339D74415728}.Debug|Any CPU.Build.0 = Debug|Any CPU
		{D007760E-6FBE-4DD2-B7B9-339D74415728}.Debug|x64.ActiveCfg = Debug|Any CPU
		{D007760E-6FBE-4DD2-B7B9-339D74415728}.Debug|x64.Build.0 = Debug|Any CPU
		{D007760E-6FBE-4DD2-B7B9-339D74415728}.Debug|x86.ActiveCfg = Debug|Any CPU
		{D007760E-6FBE-4DD2-B7B9-339D74415728}.Debug|x86.Build.0 = Debug|Any CPU
		{D007760E-6FBE-4DD2-B7B9-339D74415728}.Release|Any CPU.ActiveCfg = Release|Any CPU
		{D007760E-6FBE-4DD2-B7B9-339D74415728}.Release|Any CPU.Build.0 = Release|Any CPU
		{D007760E-6FBE-4DD2-B7B9-339D74415728}.Release|x64.ActiveCfg = Release|Any CPU
		{D007760E-6FBE-4DD2-B7B9-339D74415728}.Release|x64.Build.0 = Release|Any CPU
		{D007760E-6FBE-4DD2-B7B9-339D74415728}.Release|x86.ActiveCfg = Release|Any CPU
		{D007760E-6FBE-4DD2-B7B9-339D74415728}.Release|x86.Build.0 = Release|Any CPU
		{AFC2D3B6-19F2-4AA4-9B65-E7F96D87482F}.Debug|Any CPU.ActiveCfg = Debug|Any CPU
		{AFC2D3B6-19F2-4AA4-9B65-E7F96D87482F}.Debug|Any CPU.Build.0 = Debug|Any CPU
		{AFC2D3B6-19F2-4AA4-9B65-E7F96D87482F}.Debug|x64.ActiveCfg = Debug|Any CPU
		{AFC2D3B6-19F2-4AA4-9B65-E7F96D87482F}.Debug|x64.Build.0 = Debug|Any CPU
		{AFC2D3B6-19F2-4AA4-9B65-E7F96D87482F}.Debug|x86.ActiveCfg = Debug|Any CPU
		{AFC2D3B6-19F2-4AA4-9B65-E7F96D87482F}.Debug|x86.Build.0 = Debug|Any CPU
		{AFC2D3B6-19F2-4AA4-9B65-E7F96D87482F}.Release|Any CPU.ActiveCfg = Release|Any CPU
		{AFC2D3B6-19F2-4AA4-9B65-E7F96D87482F}.Release|Any CPU.Build.0 = Release|Any CPU
		{AFC2D3B6-19F2-4AA4-9B65-E7F96D87482F}.Release|x64.ActiveCfg = Release|Any CPU
		{AFC2D3B6-19F2-4AA4-9B65-E7F96D87482F}.Release|x64.Build.0 = Release|Any CPU
		{AFC2D3B6-19F2-4AA4-9B65-E7F96D87482F}.Release|x86.ActiveCfg = Release|Any CPU
		{AFC2D3B6-19F2-4AA4-9B65-E7F96D87482F}.Release|x86.Build.0 = Release|Any CPU
		{00A2EAF1-C6B5-4983-A22E-52C887B77707}.Debug|Any CPU.ActiveCfg = Debug|Any CPU
		{00A2EAF1-C6B5-4983-A22E-52C887B77707}.Debug|Any CPU.Build.0 = Debug|Any CPU
		{00A2EAF1-C6B5-4983-A22E-52C887B77707}.Debug|x64.ActiveCfg = Debug|Any CPU
		{00A2EAF1-C6B5-4983-A22E-52C887B77707}.Debug|x64.Build.0 = Debug|Any CPU
		{00A2EAF1-C6B5-4983-A22E-52C887B77707}.Debug|x86.ActiveCfg = Debug|Any CPU
		{00A2EAF1-C6B5-4983-A22E-52C887B77707}.Debug|x86.Build.0 = Debug|Any CPU
		{00A2EAF1-C6B5-4983-A22E-52C887B77707}.Release|Any CPU.ActiveCfg = Release|Any CPU
		{00A2EAF1-C6B5-4983-A22E-52C887B77707}.Release|Any CPU.Build.0 = Release|Any CPU
		{00A2EAF1-C6B5-4983-A22E-52C887B77707}.Release|x64.ActiveCfg = Release|Any CPU
		{00A2EAF1-C6B5-4983-A22E-52C887B77707}.Release|x64.Build.0 = Release|Any CPU
		{00A2EAF1-C6B5-4983-A22E-52C887B77707}.Release|x86.ActiveCfg = Release|Any CPU
		{00A2EAF1-C6B5-4983-A22E-52C887B77707}.Release|x86.Build.0 = Release|Any CPU
		{30231B13-B079-4B00-95DE-84D97E1F6EB2}.Debug|Any CPU.ActiveCfg = Debug|Any CPU
		{30231B13-B079-4B00-95DE-84D97E1F6EB2}.Debug|Any CPU.Build.0 = Debug|Any CPU
		{30231B13-B079-4B00-95DE-84D97E1F6EB2}.Debug|x64.ActiveCfg = Debug|Any CPU
		{30231B13-B079-4B00-95DE-84D97E1F6EB2}.Debug|x64.Build.0 = Debug|Any CPU
		{30231B13-B079-4B00-95DE-84D97E1F6EB2}.Debug|x86.ActiveCfg = Debug|Any CPU
		{30231B13-B079-4B00-95DE-84D97E1F6EB2}.Debug|x86.Build.0 = Debug|Any CPU
		{30231B13-B079-4B00-95DE-84D97E1F6EB2}.Release|Any CPU.ActiveCfg = Release|Any CPU
		{30231B13-B079-4B00-95DE-84D97E1F6EB2}.Release|Any CPU.Build.0 = Release|Any CPU
		{30231B13-B079-4B00-95DE-84D97E1F6EB2}.Release|x64.ActiveCfg = Release|Any CPU
		{30231B13-B079-4B00-95DE-84D97E1F6EB2}.Release|x64.Build.0 = Release|Any CPU
		{30231B13-B079-4B00-95DE-84D97E1F6EB2}.Release|x86.ActiveCfg = Release|Any CPU
		{30231B13-B079-4B00-95DE-84D97E1F6EB2}.Release|x86.Build.0 = Release|Any CPU
		{5DB867CD-D058-411D-80AE-AC55FE117C09}.Debug|Any CPU.ActiveCfg = Debug|Any CPU
		{5DB867CD-D058-411D-80AE-AC55FE117C09}.Debug|Any CPU.Build.0 = Debug|Any CPU
		{5DB867CD-D058-411D-80AE-AC55FE117C09}.Debug|x64.ActiveCfg = Debug|Any CPU
		{5DB867CD-D058-411D-80AE-AC55FE117C09}.Debug|x64.Build.0 = Debug|Any CPU
		{5DB867CD-D058-411D-80AE-AC55FE117C09}.Debug|x86.ActiveCfg = Debug|Any CPU
		{5DB867CD-D058-411D-80AE-AC55FE117C09}.Debug|x86.Build.0 = Debug|Any CPU
		{5DB867CD-D058-411D-80AE-AC55FE117C09}.Release|Any CPU.ActiveCfg = Release|Any CPU
		{5DB867CD-D058-411D-80AE-AC55FE117C09}.Release|Any CPU.Build.0 = Release|Any CPU
		{5DB867CD-D058-411D-80AE-AC55FE117C09}.Release|x64.ActiveCfg = Release|Any CPU
		{5DB867CD-D058-411D-80AE-AC55FE117C09}.Release|x64.Build.0 = Release|Any CPU
		{5DB867CD-D058-411D-80AE-AC55FE117C09}.Release|x86.ActiveCfg = Release|Any CPU
		{5DB867CD-D058-411D-80AE-AC55FE117C09}.Release|x86.Build.0 = Release|Any CPU
		{D3542D93-2649-4E67-845D-05284489C907}.Debug|Any CPU.ActiveCfg = Debug|Any CPU
		{D3542D93-2649-4E67-845D-05284489C907}.Debug|Any CPU.Build.0 = Debug|Any CPU
		{D3542D93-2649-4E67-845D-05284489C907}.Debug|x64.ActiveCfg = Debug|Any CPU
		{D3542D93-2649-4E67-845D-05284489C907}.Debug|x64.Build.0 = Debug|Any CPU
		{D3542D93-2649-4E67-845D-05284489C907}.Debug|x86.ActiveCfg = Debug|Any CPU
		{D3542D93-2649-4E67-845D-05284489C907}.Debug|x86.Build.0 = Debug|Any CPU
		{D3542D93-2649-4E67-845D-05284489C907}.Release|Any CPU.ActiveCfg = Release|Any CPU
		{D3542D93-2649-4E67-845D-05284489C907}.Release|Any CPU.Build.0 = Release|Any CPU
		{D3542D93-2649-4E67-845D-05284489C907}.Release|x64.ActiveCfg = Release|Any CPU
		{D3542D93-2649-4E67-845D-05284489C907}.Release|x64.Build.0 = Release|Any CPU
		{D3542D93-2649-4E67-845D-05284489C907}.Release|x86.ActiveCfg = Release|Any CPU
		{D3542D93-2649-4E67-845D-05284489C907}.Release|x86.Build.0 = Release|Any CPU
		{39C83649-3C87-4377-B902-7FDFC68D45BE}.Debug|Any CPU.ActiveCfg = Debug|Any CPU
		{39C83649-3C87-4377-B902-7FDFC68D45BE}.Debug|Any CPU.Build.0 = Debug|Any CPU
		{39C83649-3C87-4377-B902-7FDFC68D45BE}.Debug|x64.ActiveCfg = Debug|Any CPU
		{39C83649-3C87-4377-B902-7FDFC68D45BE}.Debug|x64.Build.0 = Debug|Any CPU
		{39C83649-3C87-4377-B902-7FDFC68D45BE}.Debug|x86.ActiveCfg = Debug|Any CPU
		{39C83649-3C87-4377-B902-7FDFC68D45BE}.Debug|x86.Build.0 = Debug|Any CPU
		{39C83649-3C87-4377-B902-7FDFC68D45BE}.Release|Any CPU.ActiveCfg = Release|Any CPU
		{39C83649-3C87-4377-B902-7FDFC68D45BE}.Release|Any CPU.Build.0 = Release|Any CPU
		{39C83649-3C87-4377-B902-7FDFC68D45BE}.Release|x64.ActiveCfg = Release|Any CPU
		{39C83649-3C87-4377-B902-7FDFC68D45BE}.Release|x64.Build.0 = Release|Any CPU
		{39C83649-3C87-4377-B902-7FDFC68D45BE}.Release|x86.ActiveCfg = Release|Any CPU
		{39C83649-3C87-4377-B902-7FDFC68D45BE}.Release|x86.Build.0 = Release|Any CPU
	EndGlobalSection
	GlobalSection(SolutionProperties) = preSolution
		HideSolutionNode = FALSE
	EndGlobalSection
	GlobalSection(NestedProjects) = preSolution
		{47963D13-7F1F-4682-924C-E8C283F94B87} = {D3D81E0B-C631-4574-B301-752FAA058CF4}
		{8A0194B8-0DA1-4D2C-A8CF-7E146041E482} = {D3D81E0B-C631-4574-B301-752FAA058CF4}
		{D007760E-6FBE-4DD2-B7B9-339D74415728} = {5F4D921E-2A54-48DD-AD8A-36EEE961509A}
		{AFC2D3B6-19F2-4AA4-9B65-E7F96D87482F} = {D3D81E0B-C631-4574-B301-752FAA058CF4}
		{00A2EAF1-C6B5-4983-A22E-52C887B77707} = {5F4D921E-2A54-48DD-AD8A-36EEE961509A}
		{30231B13-B079-4B00-95DE-84D97E1F6EB2} = {D3D81E0B-C631-4574-B301-752FAA058CF4}
		{5DB867CD-D058-411D-80AE-AC55FE117C09} = {5F4D921E-2A54-48DD-AD8A-36EEE961509A}
		{D3542D93-2649-4E67-845D-05284489C907} = {D3D81E0B-C631-4574-B301-752FAA058CF4}
		{39C83649-3C87-4377-B902-7FDFC68D45BE} = {5F4D921E-2A54-48DD-AD8A-36EEE961509A}
	EndGlobalSection
EndGlobal
